
Microsoft Visual Studio Solution File, Format Version 12.00
# Visual Studio Version 17
VisualStudioVersion = 17.0.31903.59
MinimumVisualStudioVersion = 10.0.40219.1
Project("{FAE04EC0-301F-11D3-BF4B-00C04F79EFBC}") = "PolyPrompt", "PolyPrompt\PolyPrompt.csproj", "{A1B2C3D4-E5F6-7890-ABCD-EF1234567890}"
EndProject
Project("{FAE04EC0-301F-11D3-BF4B-00C04F79EFBC}") = "OllamaConsole", "OllamaConsole\OllamaConsole.csproj", "{B2C3D4E5-F6A7-8901-BCDE-F12345678901}"
EndProject
Project("{FAE04EC0-301F-11D3-BF4B-00C04F79EFBC}") = "OpenAIConsole", "OpenAIConsole\OpenAIConsole.csproj", "{C3D4E5F6-A7B8-9012-CDEF-123456789012}"
EndProject
Project("{FAE04EC0-301F-11D3-BF4B-00C04F79EFBC}") = "GeminiConsole", "GeminiConsole\GeminiConsole.csproj", "{D4E5F6A7-B8C9-0123-DEFA-234567890123}"
EndProject
Project("{FAE04EC0-301F-11D3-BF4B-00C04F79EFBC}") = "Test.Automated", "Test.Automated\Test.Automated.csproj", "{E5F6A7B8-C9D0-1234-EFAB-345678901234}"
EndProject
Project("{FAE04EC0-301F-11D3-BF4B-00C04F79EFBC}") = "Test.Shared", "Test.Shared\Test.Shared.csproj", "{1389C282-F5B3-4330-9FB7-BE34F1DA4D88}"
EndProject
Project("{FAE04EC0-301F-11D3-BF4B-00C04F79EFBC}") = "Test.Xunit", "Test.Xunit\Test.Xunit.csproj", "{D70C0FF9-86E9-4E0A-9979-3E9F041875B9}"
EndProject
Project("{FAE04EC0-301F-11D3-BF4B-00C04F79EFBC}") = "Test.Nunit", "Test.Nunit\Test.Nunit.csproj", "{C5B7C964-2A83-41AE-AA2C-0BF717C3DADA}"
EndProject
Project("{FAE04EC0-301F-11D3-BF4B-00C04F79EFBC}") = "AnthropicConsole", "AnthropicConsole\AnthropicConsole.csproj", "{0782CEE1-7867-4E0F-B08A-7C79FF310921}"
EndProject
Project("{FAE04EC0-301F-11D3-BF4B-00C04F79EFBC}") = "VoyageAIConsole", "VoyageAIConsole\VoyageAIConsole.csproj", "{8F30E397-46EF-4019-A92B-5AE62DF37977}"
EndProject
Global
	GlobalSection(SolutionConfigurationPlatforms) = preSolution
		Debug|Any CPU = Debug|Any CPU
		Debug|x64 = Debug|x64
		Debug|x86 = Debug|x86
		Release|Any CPU = Release|Any CPU
		Release|x64 = Release|x64
		Release|x86 = Release|x86
	EndGlobalSection
	GlobalSection(ProjectConfigurationPlatforms) = postSolution
		{A1B2C3D4-E5F6-7890-ABCD-EF1234567890}.Debug|Any CPU.ActiveCfg = Debug|Any CPU
		{A1B2C3D4-E5F6-7890-ABCD-EF1234567890}.Debug|Any CPU.Build.0 = Debug|Any CPU
		{A1B2C3D4-E5F6-7890-ABCD-EF1234567890}.Debug|x64.ActiveCfg = Debug|Any CPU
		{A1B2C3D4-E5F6-7890-ABCD-EF1234567890}.Debug|x64.Build.0 = Debug|Any CPU
		{A1B2C3D4-E5F6-7890-ABCD-EF1234567890}.Debug|x86.ActiveCfg = Debug|Any CPU
		{A1B2C3D4-E5F6-7890-ABCD-EF1234567890}.Debug|x86.Build.0 = Debug|Any CPU
		{A1B2C3D4-E5F6-7890-ABCD-EF1234567890}.Release|Any CPU.ActiveCfg = Release|Any CPU
		{A1B2C3D4-E5F6-7890-ABCD-EF1234567890}.Release|Any CPU.Build.0 = Release|Any CPU
		{A1B2C3D4-E5F6-7890-ABCD-EF1234567890}.Release|x64.ActiveCfg = Release|Any CPU
		{A1B2C3D4-E5F6-7890-ABCD-EF1234567890}.Release|x64.Build.0 = Release|Any CPU
		{A1B2C3D4-E5F6-7890-ABCD-EF1234567890}.Release|x86.ActiveCfg = Release|Any CPU
		{A1B2C3D4-E5F6-7890-ABCD-EF1234567890}.Release|x86.Build.0 = Release|Any CPU
		{B2C3D4E5-F6A7-8901-BCDE-F12345678901}.Debug|Any CPU.ActiveCfg = Debug|Any CPU
		{B2C3D4E5-F6A7-8901-BCDE-F12345678901}.Debug|Any CPU.Build.0 = Debug|Any CPU
		{B2C3D4E5-F6A7-8901-BCDE-F12345678901}.Debug|x64.ActiveCfg = Debug|Any CPU
		{B2C3D4E5-F6A7-8901-BCDE-F12345678901}.Debug|x64.Build.0 = Debug|Any CPU
		{B2C3D4E5-F6A7-8901-BCDE-F12345678901}.Debug|x86.ActiveCfg = Debug|Any CPU
		{B2C3D4E5-F6A7-8901-BCDE-F12345678901}.Debug|x86.Build.0 = Debug|Any CPU
		{B2C3D4E5-F6A7-8901-BCDE-F12345678901}.Release|Any CPU.ActiveCfg = Release|Any CPU
		{B2C3D4E5-F6A7-8901-BCDE-F12345678901}.Release|Any CPU.Build.0 = Release|Any CPU
		{B2C3D4E5-F6A7-8901-BCDE-F12345678901}.Release|x64.ActiveCfg = Release|Any CPU
		{B2C3D4E5-F6A7-8901-BCDE-F12345678901}.Release|x64.Build.0 = Release|Any CPU
		{B2C3D4E5-F6A7-8901-BCDE-F12345678901}.Release|x86.ActiveCfg = Release|Any CPU
		{B2C3D4E5-F6A7-8901-BCDE-F12345678901}.Release|x86.Build.0 = Release|Any CPU
		{C3D4E5F6-A7B8-9012-CDEF-123456789012}.Debug|Any CPU.ActiveCfg = Debug|Any CPU
		{C3D4E5F6-A7B8-9012-CDEF-123456789012}.Debug|Any CPU.Build.0 = Debug|Any CPU
		{C3D4E5F6-A7B8-9012-CDEF-123456789012}.Debug|x64.ActiveCfg = Debug|Any CPU
		{C3D4E5F6-A7B8-9012-CDEF-123456789012}.Debug|x64.Build.0 = Debug|Any CPU
		{C3D4E5F6-A7B8-9012-CDEF-123456789012}.Debug|x86.ActiveCfg = Debug|Any CPU
		{C3D4E5F6-A7B8-9012-CDEF-123456789012}.Debug|x86.Build.0 = Debug|Any CPU
		{C3D4E5F6-A7B8-9012-CDEF-123456789012}.Release|Any CPU.ActiveCfg = Release|Any CPU
		{C3D4E5F6-A7B8-9012-CDEF-123456789012}.Release|Any CPU.Build.0 = Release|Any CPU
		{C3D4E5F6-A7B8-9012-CDEF-123456789012}.Release|x64.ActiveCfg = Release|Any CPU
		{C3D4E5F6-A7B8-9012-CDEF-123456789012}.Release|x64.Build.0 = Release|Any CPU
		{C3D4E5F6-A7B8-9012-CDEF-123456789012}.Release|x86.ActiveCfg = Release|Any CPU
		{C3D4E5F6-A7B8-9012-CDEF-123456789012}.Release|x86.Build.0 = Release|Any CPU
		{D4E5F6A7-B8C9-0123-DEFA-234567890123}.Debug|Any CPU.ActiveCfg = Debug|Any CPU
		{D4E5F6A7-B8C9-0123-DEFA-234567890123}.Debug|Any CPU.Build.0 = Debug|Any CPU
		{D4E5F6A7-B8C9-0123-DEFA-234567890123}.Debug|x64.ActiveCfg = Debug|Any CPU
		{D4E5F6A7-B8C9-0123-DEFA-234567890123}.Debug|x64.Build.0 = Debug|Any CPU
		{D4E5F6A7-B8C9-0123-DEFA-234567890123}.Debug|x86.ActiveCfg = Debug|Any CPU
		{D4E5F6A7-B8C9-0123-DEFA-234567890123}.Debug|x86.Build.0 = Debug|Any CPU
		{D4E5F6A7-B8C9-0123-DEFA-234567890123}.Release|Any CPU.ActiveCfg = Release|Any CPU
		{D4E5F6A7-B8C9-0123-DEFA-234567890123}.Release|Any CPU.Build.0 = Release|Any CPU
		{D4E5F6A7-B8C9-0123-DEFA-234567890123}.Release|x64.ActiveCfg = Release|Any CPU
		{D4E5F6A7-B8C9-0123-DEFA-234567890123}.Release|x64.Build.0 = Release|Any CPU
		{D4E5F6A7-B8C9-0123-DEFA-234567890123}.Release|x86.ActiveCfg = Release|Any CPU
		{D4E5F6A7-B8C9-0123-DEFA-234567890123}.Release|x86.Build.0 = Release|Any CPU
		{E5F6A7B8-C9D0-1234-EFAB-345678901234}.Debug|Any CPU.ActiveCfg = Debug|Any CPU
		{E5F6A7B8-C9D0-1234-EFAB-345678901234}.Debug|Any CPU.Build.0 = Debug|Any CPU
		{E5F6A7B8-C9D0-1234-EFAB-345678901234}.Debug|x64.ActiveCfg = Debug|Any CPU
		{E5F6A7B8-C9D0-1234-EFAB-345678901234}.Debug|x64.Build.0 = Debug|Any CPU
		{E5F6A7B8-C9D0-1234-EFAB-345678901234}.Debug|x86.ActiveCfg = Debug|Any CPU
		{E5F6A7B8-C9D0-1234-EFAB-345678901234}.Debug|x86.Build.0 = Debug|Any CPU
		{E5F6A7B8-C9D0-1234-EFAB-345678901234}.Release|Any CPU.ActiveCfg = Release|Any CPU
		{E5F6A7B8-C9D0-1234-EFAB-345678901234}.Release|Any CPU.Build.0 = Release|Any CPU
		{E5F6A7B8-C9D0-1234-EFAB-345678901234}.Release|x64.ActiveCfg = Release|Any CPU
		{E5F6A7B8-C9D0-1234-EFAB-345678901234}.Release|x64.Build.0 = Release|Any CPU
		{E5F6A7B8-C9D0-1234-EFAB-345678901234}.Release|x86.ActiveCfg = Release|Any CPU
		{E5F6A7B8-C9D0-1234-EFAB-345678901234}.Release|x86.Build.0 = Release|Any CPU
		{1389C282-F5B3-4330-9FB7-BE34F1DA4D88}.Debug|Any CPU.ActiveCfg = Debug|Any CPU
		{1389C282-F5B3-4330-9FB7-BE34F1DA4D88}.Debug|Any CPU.Build.0 = Debug|Any CPU
		{1389C282-F5B3-4330-9FB7-BE34F1DA4D88}.Debug|x64.ActiveCfg = Debug|Any CPU
		{1389C282-F5B3-4330-9FB7-BE34F1DA4D88}.Debug|x64.Build.0 = Debug|Any CPU
		{1389C282-F5B3-4330-9FB7-BE34F1DA4D88}.Debug|x86.ActiveCfg = Debug|Any CPU
		{1389C282-F5B3-4330-9FB7-BE34F1DA4D88}.Debug|x86.Build.0 = Debug|Any CPU
		{1389C282-F5B3-4330-9FB7-BE34F1DA4D88}.Release|Any CPU.ActiveCfg = Release|Any CPU
		{1389C282-F5B3-4330-9FB7-BE34F1DA4D88}.Release|Any CPU.Build.0 = Release|Any CPU
		{1389C282-F5B3-4330-9FB7-BE34F1DA4D88}.Release|x64.ActiveCfg = Release|Any CPU
		{1389C282-F5B3-4330-9FB7-BE34F1DA4D88}.Release|x64.Build.0 = Release|Any CPU
		{1389C282-F5B3-4330-9FB7-BE34F1DA4D88}.Release|x86.ActiveCfg = Release|Any CPU
		{1389C282-F5B3-4330-9FB7-BE34F1DA4D88}.Release|x86.Build.0 = Release|Any CPU
		{D70C0FF9-86E9-4E0A-9979-3E9F041875B9}.Debug|Any CPU.ActiveCfg = Debug|Any CPU
		{D70C0FF9-86E9-4E0A-9979-3E9F041875B9}.Debug|Any CPU.Build.0 = Debug|Any CPU
		{D70C0FF9-86E9-4E0A-9979-3E9F041875B9}.Debug|x64.ActiveCfg = Debug|Any CPU
		{D70C0FF9-86E9-4E0A-9979-3E9F041875B9}.Debug|x64.Build.0 = Debug|Any CPU
		{D70C0FF9-86E9-4E0A-9979-3E9F041875B9}.Debug|x86.ActiveCfg = Debug|Any CPU
		{D70C0FF9-86E9-4E0A-9979-3E9F041875B9}.Debug|x86.Build.0 = Debug|Any CPU
		{D70C0FF9-86E9-4E0A-9979-3E9F041875B9}.Release|Any CPU.ActiveCfg = Release|Any CPU
		{D70C0FF9-86E9-4E0A-9979-3E9F041875B9}.Release|Any CPU.Build.0 = Release|Any CPU
		{D70C0FF9-86E9-4E0A-9979-3E9F041875B9}.Release|x64.ActiveCfg = Release|Any CPU
		{D70C0FF9-86E9-4E0A-9979-3E9F041875B9}.Release|x64.Build.0 = Release|Any CPU
		{D70C0FF9-86E9-4E0A-9979-3E9F041875B9}.Release|x86.ActiveCfg = Release|Any CPU
		{D70C0FF9-86E9-4E0A-9979-3E9F041875B9}.Release|x86.Build.0 = Release|Any CPU
		{C5B7C964-2A83-41AE-AA2C-0BF717C3DADA}.Debug|Any CPU.ActiveCfg = Debug|Any CPU
		{C5B7C964-2A83-41AE-AA2C-0BF717C3DADA}.Debug|Any CPU.Build.0 = Debug|Any CPU
		{C5B7C964-2A83-41AE-AA2C-0BF717C3DADA}.Debug|x64.ActiveCfg = Debug|Any CPU
		{C5B7C964-2A83-41AE-AA2C-0BF717C3DADA}.Debug|x64.Build.0 = Debug|Any CPU
		{C5B7C964-2A83-41AE-AA2C-0BF717C3DADA}.Debug|x86.ActiveCfg = Debug|Any CPU
		{C5B7C964-2A83-41AE-AA2C-0BF717C3DADA}.Debug|x86.Build.0 = Debug|Any CPU
		{C5B7C964-2A83-41AE-AA2C-0BF717C3DADA}.Release|Any CPU.ActiveCfg = Release|Any CPU
		{C5B7C964-2A83-41AE-AA2C-0BF717C3DADA}.Release|Any CPU.Build.0 = Release|Any CPU
		{C5B7C964-2A83-41AE-AA2C-0BF717C3DADA}.Release|x64.ActiveCfg = Release|Any CPU
		{C5B7C964-2A83-41AE-AA2C-0BF717C3DADA}.Release|x64.Build.0 = Release|Any CPU
		{C5B7C964-2A83-41AE-AA2C-0BF717C3DADA}.Release|x86.ActiveCfg = Release|Any CPU
		{C5B7C964-2A83-41AE-AA2C-0BF717C3DADA}.Release|x86.Build.0 = Release|Any CPU
		{0782CEE1-7867-4E0F-B08A-7C79FF310921}.Debug|Any CPU.ActiveCfg = Debug|Any CPU
		{0782CEE1-7867-4E0F-B08A-7C79FF310921}.Debug|Any CPU.Build.0 = Debug|Any CPU
		{0782CEE1-7867-4E0F-B08A-7C79FF310921}.Debug|x64.ActiveCfg = Debug|Any CPU
		{0782CEE1-7867-4E0F-B08A-7C79FF310921}.Debug|x64.Build.0 = Debug|Any CPU
		{0782CEE1-7867-4E0F-B08A-7C79FF310921}.Debug|x86.ActiveCfg = Debug|Any CPU
		{0782CEE1-7867-4E0F-B08A-7C79FF310921}.Debug|x86.Build.0 = Debug|Any CPU
		{0782CEE1-7867-4E0F-B08A-7C79FF310921}.Release|Any CPU.ActiveCfg = Release|Any CPU
		{0782CEE1-7867-4E0F-B08A-7C79FF310921}.Release|Any CPU.Build.0 = Release|Any CPU
		{0782CEE1-7867-4E0F-B08A-7C79FF310921}.Release|x64.ActiveCfg = Release|Any CPU
		{0782CEE1-7867-4E0F-B08A-7C79FF310921}.Release|x64.Build.0 = Release|Any CPU
		{0782CEE1-7867-4E0F-B08A-7C79FF310921}.Release|x86.ActiveCfg = Release|Any CPU
		{0782CEE1-7867-4E0F-B08A-7C79FF310921}.Release|x86.Build.0 = Release|Any CPU
		{8F30E397-46EF-4019-A92B-5AE62DF37977}.Debug|Any CPU.ActiveCfg = Debug|Any CPU
		{8F30E397-46EF-4019-A92B-5AE62DF37977}.Debug|Any CPU.Build.0 = Debug|Any CPU
		{8F30E397-46EF-4019-A92B-5AE62DF37977}.Debug|x64.ActiveCfg = Debug|Any CPU
		{8F30E397-46EF-4019-A92B-5AE62DF37977}.Debug|x64.Build.0 = Debug|Any CPU
		{8F30E397-46EF-4019-A92B-5AE62DF37977}.Debug|x86.ActiveCfg = Debug|Any CPU
		{8F30E397-46EF-4019-A92B-5AE62DF37977}.Debug|x86.Build.0 = Debug|Any CPU
		{8F30E397-46EF-4019-A92B-5AE62DF37977}.Release|Any CPU.ActiveCfg = Release|Any CPU
		{8F30E397-46EF-4019-A92B-5AE62DF37977}.Release|Any CPU.Build.0 = Release|Any CPU
		{8F30E397-46EF-4019-A92B-5AE62DF37977}.Release|x64.ActiveCfg = Release|Any CPU
		{8F30E397-46EF-4019-A92B-5AE62DF37977}.Release|x64.Build.0 = Release|Any CPU
		{8F30E397-46EF-4019-A92B-5AE62DF37977}.Release|x86.ActiveCfg = Release|Any CPU
		{8F30E397-46EF-4019-A92B-5AE62DF37977}.Release|x86.Build.0 = Release|Any CPU
	EndGlobalSection
	GlobalSection(SolutionProperties) = preSolution
		HideSolutionNode = FALSE
	EndGlobalSection
EndGlobal
